// !$*UTF8*$!
{
	archiveVersion = 1;
	classes = {
	};
	objectVersion = 46;
	objects = {

/* Begin PBXBuildFile section */
		8E554B451EC3FB2B00881BD4 /* AppDelegate.swift in Sources */ = {isa = PBXBuildFile; fileRef = 8E554B441EC3FB2B00881BD4 /* AppDelegate.swift */; };
		8E554B471EC3FB2B00881BD4 /* MasterViewController.swift in Sources */ = {isa = PBXBuildFile; fileRef = 8E554B461EC3FB2B00881BD4 /* MasterViewController.swift */; };
		8E554B491EC3FB2B00881BD4 /* DetailViewController.swift in Sources */ = {isa = PBXBuildFile; fileRef = 8E554B481EC3FB2B00881BD4 /* DetailViewController.swift */; };
		8E554B4C1EC3FB2B00881BD4 /* Main.storyboard in Resources */ = {isa = PBXBuildFile; fileRef = 8E554B4A1EC3FB2B00881BD4 /* Main.storyboard */; };
		8E554B4E1EC3FB2B00881BD4 /* Assets.xcassets in Resources */ = {isa = PBXBuildFile; fileRef = 8E554B4D1EC3FB2B00881BD4 /* Assets.xcassets */; };
		8E554B511EC3FB2B00881BD4 /* LaunchScreen.storyboard in Resources */ = {isa = PBXBuildFile; fileRef = 8E554B4F1EC3FB2B00881BD4 /* LaunchScreen.storyboard */; };
		8E554B5C1EC3FB2B00881BD4 /* TestTests.swift in Sources */ = {isa = PBXBuildFile; fileRef = 8E554B5B1EC3FB2B00881BD4 /* TestTests.swift */; };
		8E554B671EC3FB2B00881BD4 /* TestUITests.swift in Sources */ = {isa = PBXBuildFile; fileRef = 8E554B661EC3FB2B00881BD4 /* TestUITests.swift */; };
/* End PBXBuildFile section */

/* Begin PBXContainerItemProxy section */
		8E554B581EC3FB2B00881BD4 /* PBXContainerItemProxy */ = {
			isa = PBXContainerItemProxy;
			containerPortal = 8E554B391EC3FB2B00881BD4 /* Project object */;
			proxyType = 1;
			remoteGlobalIDString = 8E554B401EC3FB2B00881BD4;
			remoteInfo = Test;
		};
		8E554B631EC3FB2B00881BD4 /* PBXContainerItemProxy */ = {
			isa = PBXContainerItemProxy;
			containerPortal = 8E554B391EC3FB2B00881BD4 /* Project object */;
			proxyType = 1;
			remoteGlobalIDString = 8E554B401EC3FB2B00881BD4;
			remoteInfo = Test;
		};
/* End PBXContainerItemProxy section */

/* Begin PBXFileReference section */
		8E554B411EC3FB2B00881BD4 /* Test.app */ = {isa = PBXFileReference; explicitFileType = wrapper.application; includeInIndex = 0; path = Test.app; sourceTree = BUILT_PRODUCTS_DIR; };
		8E554B441EC3FB2B00881BD4 /* AppDelegate.swift */ = {isa = PBXFileReference; lastKnownFileType = sourcecode.swift; path = AppDelegate.swift; sourceTree = "<group>"; };
		8E554B461EC3FB2B00881BD4 /* MasterViewController.swift */ = {isa = PBXFileReference; lastKnownFileType = sourcecode.swift; path = MasterViewController.swift; sourceTree = "<group>"; };
		8E554B481EC3FB2B00881BD4 /* DetailViewController.swift */ = {isa = PBXFileReference; lastKnownFileType = sourcecode.swift; path = DetailViewController.swift; sourceTree = "<group>"; };
		8E554B4B1EC3FB2B00881BD4 /* Base */ = {isa = PBXFileReference; lastKnownFileType = file.storyboard; name = Base; path = Base.lproj/Main.storyboard; sourceTree = "<group>"; };
		8E554B4D1EC3FB2B00881BD4 /* Assets.xcassets */ = {isa = PBXFileReference; lastKnownFileType = folder.assetcatalog; path = Assets.xcassets; sourceTree = "<group>"; };
		8E554B501EC3FB2B00881BD4 /* Base */ = {isa = PBXFileReference; lastKnownFileType = file.storyboard; name = Base; path = Base.lproj/LaunchScreen.storyboard; sourceTree = "<group>"; };
		8E554B521EC3FB2B00881BD4 /* Info.plist */ = {isa = PBXFileReference; lastKnownFileType = text.plist.xml; path = Info.plist; sourceTree = "<group>"; };
		8E554B571EC3FB2B00881BD4 /* TestTests.xctest */ = {isa = PBXFileReference; explicitFileType = wrapper.cfbundle; includeInIndex = 0; path = TestTests.xctest; sourceTree = BUILT_PRODUCTS_DIR; };
		8E554B5B1EC3FB2B00881BD4 /* TestTests.swift */ = {isa = PBXFileReference; lastKnownFileType = sourcecode.swift; path = TestTests.swift; sourceTree = "<group>"; };
		8E554B5D1EC3FB2B00881BD4 /* Info.plist */ = {isa = PBXFileReference; lastKnownFileType = text.plist.xml; path = Info.plist; sourceTree = "<group>"; };
		8E554B621EC3FB2B00881BD4 /* TestUITests.xctest */ = {isa = PBXFileReference; explicitFileType = wrapper.cfbundle; includeInIndex = 0; path = TestUITests.xctest; sourceTree = BUILT_PRODUCTS_DIR; };
		8E554B661EC3FB2B00881BD4 /* TestUITests.swift */ = {isa = PBXFileReference; lastKnownFileType = sourcecode.swift; path = TestUITests.swift; sourceTree = "<group>"; };
		8E554B681EC3FB2B00881BD4 /* Info.plist */ = {isa = PBXFileReference; lastKnownFileType = text.plist.xml; path = Info.plist; sourceTree = "<group>"; };
/* End PBXFileReference section */

/* Begin PBXFrameworksBuildPhase section */
		8E554B3E1EC3FB2B00881BD4 /* Frameworks */ = {
			isa = PBXFrameworksBuildPhase;
			buildActionMask = 2147483647;
			files = (
			);
			runOnlyForDeploymentPostprocessing = 0;
		};
		8E554B541EC3FB2B00881BD4 /* Frameworks */ = {
			isa = PBXFrameworksBuildPhase;
			buildActionMask = 2147483647;
			files = (
			);
			runOnlyForDeploymentPostprocessing = 0;
		};
		8E554B5F1EC3FB2B00881BD4 /* Frameworks */ = {
			isa = PBXFrameworksBuildPhase;
			buildActionMask = 2147483647;
			files = (
			);
			runOnlyForDeploymentPostprocessing = 0;
		};
/* End PBXFrameworksBuildPhase section */

/* Begin PBXGroup section */
		8E554B381EC3FB2B00881BD4 = {
			isa = PBXGroup;
			children = (
				8E554B431EC3FB2B00881BD4 /* Test */,
				8E554B5A1EC3FB2B00881BD4 /* TestTests */,
				8E554B651EC3FB2B00881BD4 /* TestUITests */,
				8E554B421EC3FB2B00881BD4 /* Products */,
			);
			sourceTree = "<group>";
		};
		8E554B421EC3FB2B00881BD4 /* Products */ = {
			isa = PBXGroup;
			children = (
				8E554B411EC3FB2B00881BD4 /* Test.app */,
				8E554B571EC3FB2B00881BD4 /* TestTests.xctest */,
				8E554B621EC3FB2B00881BD4 /* TestUITests.xctest */,
			);
			name = Products;
			sourceTree = "<group>";
		};
		8E554B431EC3FB2B00881BD4 /* Test */ = {
			isa = PBXGroup;
			children = (
				8E554B441EC3FB2B00881BD4 /* AppDelegate.swift */,
				8E554B461EC3FB2B00881BD4 /* MasterViewController.swift */,
				8E554B481EC3FB2B00881BD4 /* DetailViewController.swift */,
				8E554B4A1EC3FB2B00881BD4 /* Main.storyboard */,
				8E554B4D1EC3FB2B00881BD4 /* Assets.xcassets */,
				8E554B4F1EC3FB2B00881BD4 /* LaunchScreen.storyboard */,
				8E554B521EC3FB2B00881BD4 /* Info.plist */,
			);
			path = Test;
			sourceTree = "<group>";
		};
		8E554B5A1EC3FB2B00881BD4 /* TestTests */ = {
			isa = PBXGroup;
			children = (
				8E554B5B1EC3FB2B00881BD4 /* TestTests.swift */,
				8E554B5D1EC3FB2B00881BD4 /* Info.plist */,
			);
			path = TestTests;
			sourceTree = "<group>";
		};
		8E554B651EC3FB2B00881BD4 /* TestUITests */ = {
			isa = PBXGroup;
			children = (
				8E554B661EC3FB2B00881BD4 /* TestUITests.swift */,
				8E554B681EC3FB2B00881BD4 /* Info.plist */,
			);
			path = TestUITests;
			sourceTree = "<group>";
		};
/* End PBXGroup section */

/* Begin PBXNativeTarget section */
		8E554B401EC3FB2B00881BD4 /* Test */ = {
			isa = PBXNativeTarget;
			buildConfigurationList = 8E554B6B1EC3FB2B00881BD4 /* Build configuration list for PBXNativeTarget "Test" */;
			buildPhases = (
				8E554B3D1EC3FB2B00881BD4 /* Sources */,
				8E554B3E1EC3FB2B00881BD4 /* Frameworks */,
				8E554B3F1EC3FB2B00881BD4 /* Resources */,
			);
			buildRules = (
			);
			dependencies = (
			);
			name = Test;
			productName = Test;
			productReference = 8E554B411EC3FB2B00881BD4 /* Test.app */;
			productType = "com.apple.product-type.application";
		};
		8E554B561EC3FB2B00881BD4 /* TestTests */ = {
			isa = PBXNativeTarget;
			buildConfigurationList = 8E554B6E1EC3FB2B00881BD4 /* Build configuration list for PBXNativeTarget "TestTests" */;
			buildPhases = (
				8E554B531EC3FB2B00881BD4 /* Sources */,
				8E554B541EC3FB2B00881BD4 /* Frameworks */,
				8E554B551EC3FB2B00881BD4 /* Resources */,
			);
			buildRules = (
			);
			dependencies = (
				8E554B591EC3FB2B00881BD4 /* PBXTargetDependency */,
			);
			name = TestTests;
			productName = TestTests;
			productReference = 8E554B571EC3FB2B00881BD4 /* TestTests.xctest */;
			productType = "com.apple.product-type.bundle.unit-test";
		};
		8E554B611EC3FB2B00881BD4 /* TestUITests */ = {
			isa = PBXNativeTarget;
			buildConfigurationList = 8E554B711EC3FB2B00881BD4 /* Build configuration list for PBXNativeTarget "TestUITests" */;
			buildPhases = (
				8E554B5E1EC3FB2B00881BD4 /* Sources */,
				8E554B5F1EC3FB2B00881BD4 /* Frameworks */,
				8E554B601EC3FB2B00881BD4 /* Resources */,
			);
			buildRules = (
			);
			dependencies = (
				8E554B641EC3FB2B00881BD4 /* PBXTargetDependency */,
			);
			name = TestUITests;
			productName = TestUITests;
			productReference = 8E554B621EC3FB2B00881BD4 /* TestUITests.xctest */;
			productType = "com.apple.product-type.bundle.ui-testing";
		};
/* End PBXNativeTarget section */

/* Begin PBXProject section */
		8E554B391EC3FB2B00881BD4 /* Project object */ = {
			isa = PBXProject;
			attributes = {
				LastSwiftUpdateCheck = 0830;
				LastUpgradeCheck = 0830;
				ORGANIZATIONNAME = "YI-LUN TSAI";
				TargetAttributes = {
					8E554B401EC3FB2B00881BD4 = {
						CreatedOnToolsVersion = 8.3.2;
						DevelopmentTeam = 9XPVHQT72G;
						ProvisioningStyle = Automatic;
					};
					8E554B561EC3FB2B00881BD4 = {
						CreatedOnToolsVersion = 8.3.2;
						DevelopmentTeam = 9XPVHQT72G;
						ProvisioningStyle = Automatic;
						TestTargetID = 8E554B401EC3FB2B00881BD4;
					};
					8E554B611EC3FB2B00881BD4 = {
						CreatedOnToolsVersion = 8.3.2;
						DevelopmentTeam = 9XPVHQT72G;
						ProvisioningStyle = Automatic;
						TestTargetID = 8E554B401EC3FB2B00881BD4;
					};
				};
			};
			buildConfigurationList = 8E554B3C1EC3FB2B00881BD4 /* Build configuration list for PBXProject "Test" */;
			compatibilityVersion = "Xcode 3.2";
			developmentRegion = English;
			hasScannedForEncodings = 0;
			knownRegions = (
				en,
				Base,
			);
			mainGroup = 8E554B381EC3FB2B00881BD4;
			productRefGroup = 8E554B421EC3FB2B00881BD4 /* Products */;
			projectDirPath = "";
			projectRoot = "";
			targets = (
				8E554B401EC3FB2B00881BD4 /* Test */,
				8E554B561EC3FB2B00881BD4 /* TestTests */,
				8E554B611EC3FB2B00881BD4 /* TestUITests */,
			);
		};
/* End PBXProject section */

/* Begin PBXResourcesBuildPhase section */
		8E554B3F1EC3FB2B00881BD4 /* Resources */ = {
			isa = PBXResourcesBuildPhase;
			buildActionMask = 2147483647;
			files = (
				8E554B511EC3FB2B00881BD4 /* LaunchScreen.storyboard in Resources */,
				8E554B4E1EC3FB2B00881BD4 /* Assets.xcassets in Resources */,
				8E554B4C1EC3FB2B00881BD4 /* Main.storyboard in Resources */,
			);
			runOnlyForDeploymentPostprocessing = 0;
		};
		8E554B551EC3FB2B00881BD4 /* Resources */ = {
			isa = PBXResourcesBuildPhase;
			buildActionMask = 2147483647;
			files = (
			);
			runOnlyForDeploymentPostprocessing = 0;
		};
		8E554B601EC3FB2B00881BD4 /* Resources */ = {
			isa = PBXResourcesBuildPhase;
			buildActionMask = 2147483647;
			files = (
			);
			runOnlyForDeploymentPostprocessing = 0;
		};
/* End PBXResourcesBuildPhase section */

/* Begin PBXSourcesBuildPhase section */
		8E554B3D1EC3FB2B00881BD4 /* Sources */ = {
			isa = PBXSourcesBuildPhase;
			buildActionMask = 2147483647;
			files = (
				8E554B491EC3FB2B00881BD4 /* DetailViewController.swift in Sources */,
				8E554B471EC3FB2B00881BD4 /* MasterViewController.swift in Sources */,
				8E554B451EC3FB2B00881BD4 /* AppDelegate.swift in Sources */,
			);
			runOnlyForDeploymentPostprocessing = 0;
		};
		8E554B531EC3FB2B00881BD4 /* Sources */ = {
			isa = PBXSourcesBuildPhase;
			buildActionMask = 2147483647;
			files = (
				8E554B5C1EC3FB2B00881BD4 /* TestTests.swift in Sources */,
			);
			runOnlyForDeploymentPostprocessing = 0;
		};
		8E554B5E1EC3FB2B00881BD4 /* Sources */ = {
			isa = PBXSourcesBuildPhase;
			buildActionMask = 2147483647;
			files = (
				8E554B671EC3FB2B00881BD4 /* TestUITests.swift in Sources */,
			);
			runOnlyForDeploymentPostprocessing = 0;
		};
/* End PBXSourcesBuildPhase section */

/* Begin PBXTargetDependency section */
		8E554B591EC3FB2B00881BD4 /* PBXTargetDependency */ = {
			isa = PBXTargetDependency;
			target = 8E554B401EC3FB2B00881BD4 /* Test */;
			targetProxy = 8E554B581EC3FB2B00881BD4 /* PBXContainerItemProxy */;
		};
		8E554B641EC3FB2B00881BD4 /* PBXTargetDependency */ = {
			isa = PBXTargetDependency;
			target = 8E554B401EC3FB2B00881BD4 /* Test */;
			targetProxy = 8E554B631EC3FB2B00881BD4 /* PBXContainerItemProxy */;
		};
/* End PBXTargetDependency section */

/* Begin PBXVariantGroup section */
		8E554B4A1EC3FB2B00881BD4 /* Main.storyboard */ = {
			isa = PBXVariantGroup;
			children = (
				8E554B4B1EC3FB2B00881BD4 /* Base */,
			);
			name = Main.storyboard;
			sourceTree = "<group>";
		};
		8E554B4F1EC3FB2B00881BD4 /* LaunchScreen.storyboard */ = {
			isa = PBXVariantGroup;
			children = (
				8E554B501EC3FB2B00881BD4 /* Base */,
			);
			name = LaunchScreen.storyboard;
			sourceTree = "<group>";
		};
/* End PBXVariantGroup section */

/* Begin XCBuildConfiguration section */
		8E554B691EC3FB2B00881BD4 /* Debug */ = {
			isa = XCBuildConfiguration;
			buildSettings = {
				ALWAYS_SEARCH_USER_PATHS = NO;
				CLANG_ANALYZER_NONNULL = YES;
				CLANG_ANALYZER_NUMBER_OBJECT_CONVERSION = YES_AGGRESSIVE;
				CLANG_CXX_LANGUAGE_STANDARD = "gnu++0x";
				CLANG_CXX_LIBRARY = "libc++";
				CLANG_ENABLE_MODULES = YES;
				CLANG_ENABLE_OBJC_ARC = YES;
				CLANG_WARN_BOOL_CONVERSION = YES;
				CLANG_WARN_CONSTANT_CONVERSION = YES;
				CLANG_WARN_DIRECT_OBJC_ISA_USAGE = YES_ERROR;
				CLANG_WARN_DOCUMENTATION_COMMENTS = YES;
				CLANG_WARN_EMPTY_BODY = YES;
				CLANG_WARN_ENUM_CONVERSION = YES;
				CLANG_WARN_INFINITE_RECURSION = YES;
				CLANG_WARN_INT_CONVERSION = YES;
				CLANG_WARN_OBJC_ROOT_CLASS = YES_ERROR;
				CLANG_WARN_SUSPICIOUS_MOVE = YES;
				CLANG_WARN_UNREACHABLE_CODE = YES;
				CLANG_WARN__DUPLICATE_METHOD_MATCH = YES;
				"CODE_SIGN_IDENTITY[sdk=iphoneos*]" = "iPhone Developer";
				COPY_PHASE_STRIP = NO;
				DEBUG_INFORMATION_FORMAT = dwarf;
				ENABLE_STRICT_OBJC_MSGSEND = YES;
				ENABLE_TESTABILITY = YES;
				GCC_C_LANGUAGE_STANDARD = gnu99;
				GCC_DYNAMIC_NO_PIC = NO;
				GCC_NO_COMMON_BLOCKS = YES;
				GCC_OPTIMIZATION_LEVEL = 0;
				GCC_PREPROCESSOR_DEFINITIONS = (
					"DEBUG=1",
					"$(inherited)",
				);
				GCC_WARN_64_TO_32_BIT_CONVERSION = YES;
				GCC_WARN_ABOUT_RETURN_TYPE = YES_ERROR;
				GCC_WARN_UNDECLARED_SELECTOR = YES;
				GCC_WARN_UNINITIALIZED_AUTOS = YES_AGGRESSIVE;
				GCC_WARN_UNUSED_FUNCTION = YES;
				GCC_WARN_UNUSED_VARIABLE = YES;
				IPHONEOS_DEPLOYMENT_TARGET = 10.3;
				MTL_ENABLE_DEBUG_INFO = YES;
				ONLY_ACTIVE_ARCH = YES;
				SDKROOT = iphoneos;
				SWIFT_ACTIVE_COMPILATION_CONDITIONS = DEBUG;
				SWIFT_OPTIMIZATION_LEVEL = "-Onone";
				TARGETED_DEVICE_FAMILY = "1,2";
			};
			name = Debug;
		};
		8E554B6A1EC3FB2B00881BD4 /* Release */ = {
			isa = XCBuildConfiguration;
			buildSettings = {
				ALWAYS_SEARCH_USER_PATHS = NO;
				CLANG_ANALYZER_NONNULL = YES;
				CLANG_ANALYZER_NUMBER_OBJECT_CONVERSION = YES_AGGRESSIVE;
				CLANG_CXX_LANGUAGE_STANDARD = "gnu++0x";
				CLANG_CXX_LIBRARY = "libc++";
				CLANG_ENABLE_MODULES = YES;
				CLANG_ENABLE_OBJC_ARC = YES;
				CLANG_WARN_BOOL_CONVERSION = YES;
				CLANG_WARN_CONSTANT_CONVERSION = YES;
				CLANG_WARN_DIRECT_OBJC_ISA_USAGE = YES_ERROR;
				CLANG_WARN_DOCUMENTATION_COMMENTS = YES;
				CLANG_WARN_EMPTY_BODY = YES;
				CLANG_WARN_ENUM_CONVERSION = YES;
				CLANG_WARN_INFINITE_RECURSION = YES;
				CLANG_WARN_INT_CONVERSION = YES;
				CLANG_WARN_OBJC_ROOT_CLASS = YES_ERROR;
				CLANG_WARN_SUSPICIOUS_MOVE = YES;
				CLANG_WARN_UNREACHABLE_CODE = YES;
				CLANG_WARN__DUPLICATE_METHOD_MATCH = YES;
				"CODE_SIGN_IDENTITY[sdk=iphoneos*]" = "iPhone Developer";
				COPY_PHASE_STRIP = NO;
				DEBUG_INFORMATION_FORMAT = "dwarf-with-dsym";
				ENABLE_NS_ASSERTIONS = NO;
				ENABLE_STRICT_OBJC_MSGSEND = YES;
				GCC_C_LANGUAGE_STANDARD = gnu99;
				GCC_NO_COMMON_BLOCKS = YES;
				GCC_WARN_64_TO_32_BIT_CONVERSION = YES;
				GCC_WARN_ABOUT_RETURN_TYPE = YES_ERROR;
				GCC_WARN_UNDECLARED_SELECTOR = YES;
				GCC_WARN_UNINITIALIZED_AUTOS = YES_AGGRESSIVE;
				GCC_WARN_UNUSED_FUNCTION = YES;
				GCC_WARN_UNUSED_VARIABLE = YES;
				IPHONEOS_DEPLOYMENT_TARGET = 10.3;
				MTL_ENABLE_DEBUG_INFO = NO;
				SDKROOT = iphoneos;
				SWIFT_OPTIMIZATION_LEVEL = "-Owholemodule";
				TARGETED_DEVICE_FAMILY = "1,2";
				VALIDATE_PRODUCT = YES;
			};
			name = Release;
		};
		8E554B6C1EC3FB2B00881BD4 /* Debug */ = {
			isa = XCBuildConfiguration;
			buildSettings = {
				ASSETCATALOG_COMPILER_APPICON_NAME = AppIcon;
				DEVELOPMENT_TEAM = 9XPVHQT72G;
				INFOPLIST_FILE = Test/Info.plist;
				LD_RUNPATH_SEARCH_PATHS = "$(inherited) @executable_path/Frameworks";
				PRODUCT_BUNDLE_IDENTIFIER = LeviTsai.Test;
				PRODUCT_NAME = "$(TARGET_NAME)";
				SWIFT_VERSION = 3.0;
			};
			name = Debug;
		};
		8E554B6D1EC3FB2B00881BD4 /* Release */ = {
			isa = XCBuildConfiguration;
			buildSettings = {
				ASSETCATALOG_COMPILER_APPICON_NAME = AppIcon;
				DEVELOPMENT_TEAM = 9XPVHQT72G;
				INFOPLIST_FILE = Test/Info.plist;
				LD_RUNPATH_SEARCH_PATHS = "$(inherited) @executable_path/Frameworks";
				PRODUCT_BUNDLE_IDENTIFIER = LeviTsai.Test;
				PRODUCT_NAME = "$(TARGET_NAME)";
				SWIFT_VERSION = 3.0;
			};
			name = Release;
		};
		8E554B6F1EC3FB2B00881BD4 /* Debug */ = {
			isa = XCBuildConfiguration;
			buildSettings = {
				ALWAYS_EMBED_SWIFT_STANDARD_LIBRARIES = YES;
				BUNDLE_LOADER = "$(TEST_HOST)";
				DEVELOPMENT_TEAM = 9XPVHQT72G;
				INFOPLIST_FILE = TestTests/Info.plist;
				LD_RUNPATH_SEARCH_PATHS = "$(inherited) @executable_path/Frameworks @loader_path/Frameworks";
				PRODUCT_BUNDLE_IDENTIFIER = LeviTsai.TestTests;
				PRODUCT_NAME = "$(TARGET_NAME)";
				SWIFT_VERSION = 3.0;
				TEST_HOST = "$(BUILT_PRODUCTS_DIR)/Test.app/Test";
			};
			name = Debug;
		};
		8E554B701EC3FB2B00881BD4 /* Release */ = {
			isa = XCBuildConfiguration;
			buildSettings = {
				ALWAYS_EMBED_SWIFT_STANDARD_LIBRARIES = YES;
				BUNDLE_LOADER = "$(TEST_HOST)";
				DEVELOPMENT_TEAM = 9XPVHQT72G;
				INFOPLIST_FILE = TestTests/Info.plist;
				LD_RUNPATH_SEARCH_PATHS = "$(inherited) @executable_path/Frameworks @loader_path/Frameworks";
				PRODUCT_BUNDLE_IDENTIFIER = LeviTsai.TestTests;
				PRODUCT_NAME = "$(TARGET_NAME)";
				SWIFT_VERSION = 3.0;
				TEST_HOST = "$(BUILT_PRODUCTS_DIR)/Test.app/Test";
			};
			name = Release;
		};
		8E554B721EC3FB2B00881BD4 /* Debug */ = {
			isa = XCBuildConfiguration;
			buildSettings = {
				ALWAYS_EMBED_SWIFT_STANDARD_LIBRARIES = YES;
				DEVELOPMENT_TEAM = 9XPVHQT72G;
				INFOPLIST_FILE = TestUITests/Info.plist;
				LD_RUNPATH_SEARCH_PATHS = "$(inherited) @executable_path/Frameworks @loader_path/Frameworks";
				PRODUCT_BUNDLE_IDENTIFIER = LeviTsai.TestUITests;
				PRODUCT_NAME = "$(TARGET_NAME)";
				SWIFT_VERSION = 3.0;
				TEST_TARGET_NAME = Test;
			};
			name = Debug;
		};
		8E554B731EC3FB2B00881BD4 /* Release */ = {
			isa = XCBuildConfiguration;
			buildSettings = {
				ALWAYS_EMBED_SWIFT_STANDARD_LIBRARIES = YES;
				DEVELOPMENT_TEAM = 9XPVHQT72G;
				INFOPLIST_FILE = TestUITests/Info.plist;
				LD_RUNPATH_SEARCH_PATHS = "$(inherited) @executable_path/Frameworks @loader_path/Frameworks";
				PRODUCT_BUNDLE_IDENTIFIER = LeviTsai.TestUITests;
				PRODUCT_NAME = "$(TARGET_NAME)";
				SWIFT_VERSION = 3.0;
				TEST_TARGET_NAME = Test;
			};
			name = Release;
		};
/* End XCBuildConfiguration section */

/* Begin XCConfigurationList section */
		8E554B3C1EC3FB2B00881BD4 /* Build configuration list for PBXProject "Test" */ = {
			isa = XCConfigurationList;
			buildConfigurations = (
				8E554B691EC3FB2B00881BD4 /* Debug */,
				8E554B6A1EC3FB2B00881BD4 /* Release */,
			);
			defaultConfigurationIsVisible = 0;
			defaultConfigurationName = Release;
		};
		8E554B6B1EC3FB2B00881BD4 /* Build configuration list for PBXNativeTarget "Test" */ = {
			isa = XCConfigurationList;
			buildConfigurations = (
				8E554B6C1EC3FB2B00881BD4 /* Debug */,
				8E554B6D1EC3FB2B00881BD4 /* Release */,
			);
			defaultConfigurationIsVisible = 0;
		};
		8E554B6E1EC3FB2B00881BD4 /* Build configuration list for PBXNativeTarget "TestTests" */ = {
			isa = XCConfigurationList;
			buildConfigurations = (
				8E554B6F1EC3FB2B00881BD4 /* Debug */,
				8E554B701EC3FB2B00881BD4 /* Release */,
			);
			defaultConfigurationIsVisible = 0;
		};
		8E554B711EC3FB2B00881BD4 /* Build configuration list for PBXNativeTarget "TestUITests" */ = {
			isa = XCConfigurationList;
			buildConfigurations = (
				8E554B721EC3FB2B00881BD4 /* Debug */,
				8E554B731EC3FB2B00881BD4 /* Release */,
			);
			defaultConfigurationIsVisible = 0;
		};
/* End XCConfigurationList section */
	};
	rootObject = 8E554B391EC3FB2B00881BD4 /* Project object */;
}
